
Microsoft Visual Studio Solution File, Format Version 12.00
# Visual Studio Version 17
VisualStudioVersion = 17.4.33213.308
MinimumVisualStudioVersion = 10.0.40219.1
Project("{FAE04EC0-301F-11D3-BF4B-00C04F79EFBC}") = "Practita9", "Practita9\Practita9.csproj", "{34A2418C-5FD4-434C-BF6F-376FDD64B4E7}"
EndProject
Project("{FAE04EC0-301F-11D3-BF4B-00C04F79EFBC}") = "Main", "Main\Main.csproj", "{ACFC653A-FCD3-4FC2-A741-7812D7092CE6}"
EndProject
Project("{FAE04EC0-301F-11D3-BF4B-00C04F79EFBC}") = "Department", "Department\Department.csproj", "{7B1DABF9-2ED7-41CA-8678-E22FC0DF275F}"
EndProject
Project("{FAE04EC0-301F-11D3-BF4B-00C04F79EFBC}") = "Employee", "Employee\Employee.csproj", "{CCD6472F-82F6-40DA-A53A-195CC1780F43}"
EndProject
Global
	GlobalSection(SolutionConfigurationPlatforms) = preSolution
		Debug|Any CPU = Debug|Any CPU
		Release|Any CPU = Release|Any CPU
	EndGlobalSection
	GlobalSection(ProjectConfigurationPlatforms) = postSolution
		{34A2418C-5FD4-434C-BF6F-376FDD64B4E7}.Debug|Any CPU.ActiveCfg = Debug|Any CPU
		{34A2418C-5FD4-434C-BF6F-376FDD64B4E7}.Debug|Any CPU.Build.0 = Debug|Any CPU
		{34A2418C-5FD4-434C-BF6F-376FDD64B4E7}.Release|Any CPU.ActiveCfg = Release|Any CPU
		{34A2418C-5FD4-434C-BF6F-376FDD64B4E7}.Release|Any CPU.Build.0 = Release|Any CPU
		{ACFC653A-FCD3-4FC2-A741-7812D7092CE6}.Debug|Any CPU.ActiveCfg = Debug|Any CPU
		{ACFC653A-FCD3-4FC2-A741-7812D7092CE6}.Debug|Any CPU.Build.0 = Debug|Any CPU
		{ACFC653A-FCD3-4FC2-A741-7812D7092CE6}.Release|Any CPU.ActiveCfg = Release|Any CPU
		{ACFC653A-FCD3-4FC2-A741-7812D7092CE6}.Release|Any CPU.Build.0 = Release|Any CPU
		{7B1DABF9-2ED7-41CA-8678-E22FC0DF275F}.Debug|Any CPU.ActiveCfg = Debug|Any CPU
		{7B1DABF9-2ED7-41CA-8678-E22FC0DF275F}.Debug|Any CPU.Build.0 = Debug|Any CPU
		{7B1DABF9-2ED7-41CA-8678-E22FC0DF275F}.Release|Any CPU.ActiveCfg = Release|Any CPU
		{7B1DABF9-2ED7-41CA-8678-E22FC0DF275F}.Release|Any CPU.Build.0 = Release|Any CPU
		{CCD6472F-82F6-40DA-A53A-195CC1780F43}.Debug|Any CPU.ActiveCfg = Debug|Any CPU
		{CCD6472F-82F6-40DA-A53A-195CC1780F43}.Debug|Any CPU.Build.0 = Debug|Any CPU
		{CCD6472F-82F6-40DA-A53A-195CC1780F43}.Release|Any CPU.ActiveCfg = Release|Any CPU
		{CCD6472F-82F6-40DA-A53A-195CC1780F43}.Release|Any CPU.Build.0 = Release|Any CPU
	EndGlobalSection
	GlobalSection(SolutionProperties) = preSolution
		HideSolutionNode = FALSE
	EndGlobalSection
	GlobalSection(ExtensibilityGlobals) = postSolution
		SolutionGuid = {14FF93AB-F61B-4A7C-9E17-F9ADCF4DDD52}
	EndGlobalSection
EndGlobal
